// !$*UTF8*$!
{
	archiveVersion = 1;
	classes = {
	};
	objectVersion = 50;
	objects = {

/* Begin PBXBuildFile section */
		538C74382189C1210061A16A /* AppDelegate.swift in Sources */ = {isa = PBXBuildFile; fileRef = 538C74372189C1210061A16A /* AppDelegate.swift */; };
		538C743D2189C1210061A16A /* Main.storyboard in Resources */ = {isa = PBXBuildFile; fileRef = 538C743B2189C1210061A16A /* Main.storyboard */; };
		538C743F2189C1220061A16A /* Assets.xcassets in Resources */ = {isa = PBXBuildFile; fileRef = 538C743E2189C1220061A16A /* Assets.xcassets */; };
		538C74422189C1220061A16A /* LaunchScreen.storyboard in Resources */ = {isa = PBXBuildFile; fileRef = 538C74402189C1220061A16A /* LaunchScreen.storyboard */; };
		538C744D2189CA7E0061A16A /* SWRevealViewController.m in Sources */ = {isa = PBXBuildFile; fileRef = 538C744B2189CA7E0061A16A /* SWRevealViewController.m */; };
		538C74522189CD750061A16A /* ChatVC.swift in Sources */ = {isa = PBXBuildFile; fileRef = 538C74512189CD750061A16A /* ChatVC.swift */; };
		538C74542189CD8C0061A16A /* ChannelVC.swift in Sources */ = {isa = PBXBuildFile; fileRef = 538C74532189CD8C0061A16A /* ChannelVC.swift */; };
		538C74562189D7CA0061A16A /* GradientView.swift in Sources */ = {isa = PBXBuildFile; fileRef = 538C74552189D7CA0061A16A /* GradientView.swift */; };
		538C74592189FDD50061A16A /* Constants.swift in Sources */ = {isa = PBXBuildFile; fileRef = 538C74582189FDD50061A16A /* Constants.swift */; };
		538C745B218A08C70061A16A /* LoginVC.swift in Sources */ = {isa = PBXBuildFile; fileRef = 538C745A218A08C70061A16A /* LoginVC.swift */; };
		538C745D218A0E240061A16A /* CreateAccountVC.swift in Sources */ = {isa = PBXBuildFile; fileRef = 538C745C218A0E240061A16A /* CreateAccountVC.swift */; };
		538C7460218C6C9C0061A16A /* AuthService.swift in Sources */ = {isa = PBXBuildFile; fileRef = 538C745F218C6C9C0061A16A /* AuthService.swift */; };
		538C7462218C881E0061A16A /* RoundedButton.swift in Sources */ = {isa = PBXBuildFile; fileRef = 538C7461218C881E0061A16A /* RoundedButton.swift */; };
		A1C981732F570A87EF5125F4 /* Pods_Smack.framework in Frameworks */ = {isa = PBXBuildFile; fileRef = 6C1F96B8B32954A7208E81DC /* Pods_Smack.framework */; };
/* End PBXBuildFile section */

/* Begin PBXFileReference section */
		21DAD6D2F5855D80BB274EAC /* Pods-Smack.release.xcconfig */ = {isa = PBXFileReference; includeInIndex = 1; lastKnownFileType = text.xcconfig; name = "Pods-Smack.release.xcconfig"; path = "Pods/Target Support Files/Pods-Smack/Pods-Smack.release.xcconfig"; sourceTree = "<group>"; };
		538C74342189C1210061A16A /* Smack.app */ = {isa = PBXFileReference; explicitFileType = wrapper.application; includeInIndex = 0; path = Smack.app; sourceTree = BUILT_PRODUCTS_DIR; };
		538C74372189C1210061A16A /* AppDelegate.swift */ = {isa = PBXFileReference; lastKnownFileType = sourcecode.swift; path = AppDelegate.swift; sourceTree = "<group>"; };
		538C743C2189C1210061A16A /* Base */ = {isa = PBXFileReference; lastKnownFileType = file.storyboard; name = Base; path = Base.lproj/Main.storyboard; sourceTree = "<group>"; };
		538C743E2189C1220061A16A /* Assets.xcassets */ = {isa = PBXFileReference; lastKnownFileType = folder.assetcatalog; path = Assets.xcassets; sourceTree = "<group>"; };
		538C74412189C1220061A16A /* Base */ = {isa = PBXFileReference; lastKnownFileType = file.storyboard; name = Base; path = Base.lproj/LaunchScreen.storyboard; sourceTree = "<group>"; };
		538C74432189C1220061A16A /* Info.plist */ = {isa = PBXFileReference; lastKnownFileType = text.plist.xml; path = Info.plist; sourceTree = "<group>"; };
		538C744A2189CA7D0061A16A /* Smack-Bridging-Header.h */ = {isa = PBXFileReference; lastKnownFileType = sourcecode.c.h; path = "Smack-Bridging-Header.h"; sourceTree = "<group>"; };
		538C744B2189CA7E0061A16A /* SWRevealViewController.m */ = {isa = PBXFileReference; fileEncoding = 4; lastKnownFileType = sourcecode.c.objc; path = SWRevealViewController.m; sourceTree = "<group>"; };
		538C744C2189CA7E0061A16A /* SWRevealViewController.h */ = {isa = PBXFileReference; fileEncoding = 4; lastKnownFileType = sourcecode.c.h; path = SWRevealViewController.h; sourceTree = "<group>"; };
		538C74512189CD750061A16A /* ChatVC.swift */ = {isa = PBXFileReference; lastKnownFileType = sourcecode.swift; path = ChatVC.swift; sourceTree = "<group>"; };
		538C74532189CD8C0061A16A /* ChannelVC.swift */ = {isa = PBXFileReference; lastKnownFileType = sourcecode.swift; path = ChannelVC.swift; sourceTree = "<group>"; };
		538C74552189D7CA0061A16A /* GradientView.swift */ = {isa = PBXFileReference; lastKnownFileType = sourcecode.swift; path = GradientView.swift; sourceTree = "<group>"; };
		538C74582189FDD50061A16A /* Constants.swift */ = {isa = PBXFileReference; lastKnownFileType = sourcecode.swift; path = Constants.swift; sourceTree = "<group>"; };
		538C745A218A08C70061A16A /* LoginVC.swift */ = {isa = PBXFileReference; lastKnownFileType = sourcecode.swift; path = LoginVC.swift; sourceTree = "<group>"; };
		538C745C218A0E240061A16A /* CreateAccountVC.swift */ = {isa = PBXFileReference; lastKnownFileType = sourcecode.swift; path = CreateAccountVC.swift; sourceTree = "<group>"; };
		538C745F218C6C9C0061A16A /* AuthService.swift */ = {isa = PBXFileReference; lastKnownFileType = sourcecode.swift; path = AuthService.swift; sourceTree = "<group>"; };
		538C7461218C881E0061A16A /* RoundedButton.swift */ = {isa = PBXFileReference; lastKnownFileType = sourcecode.swift; path = RoundedButton.swift; sourceTree = "<group>"; };
		6C1F96B8B32954A7208E81DC /* Pods_Smack.framework */ = {isa = PBXFileReference; explicitFileType = wrapper.framework; includeInIndex = 0; path = Pods_Smack.framework; sourceTree = BUILT_PRODUCTS_DIR; };
		8AA86C11C2B2F00F7DF4826A /* Pods-Smack.debug.xcconfig */ = {isa = PBXFileReference; includeInIndex = 1; lastKnownFileType = text.xcconfig; name = "Pods-Smack.debug.xcconfig"; path = "Pods/Target Support Files/Pods-Smack/Pods-Smack.debug.xcconfig"; sourceTree = "<group>"; };
/* End PBXFileReference section */

/* Begin PBXFrameworksBuildPhase section */
		538C74312189C1210061A16A /* Frameworks */ = {
			isa = PBXFrameworksBuildPhase;
			buildActionMask = 2147483647;
			files = (
				A1C981732F570A87EF5125F4 /* Pods_Smack.framework in Frameworks */,
			);
			runOnlyForDeploymentPostprocessing = 0;
		};
/* End PBXFrameworksBuildPhase section */

/* Begin PBXGroup section */
		44C66B541C25C34AD3E3A184 /* Pods */ = {
			isa = PBXGroup;
			children = (
				8AA86C11C2B2F00F7DF4826A /* Pods-Smack.debug.xcconfig */,
				21DAD6D2F5855D80BB274EAC /* Pods-Smack.release.xcconfig */,
			);
			name = Pods;
			sourceTree = "<group>";
		};
		538C742B2189C1210061A16A = {
			isa = PBXGroup;
			children = (
				538C74362189C1210061A16A /* Smack */,
				538C74352189C1210061A16A /* Products */,
				44C66B541C25C34AD3E3A184 /* Pods */,
				8957124C55D2329FD00CF7F8 /* Frameworks */,
			);
			sourceTree = "<group>";
		};
		538C74352189C1210061A16A /* Products */ = {
			isa = PBXGroup;
			children = (
				538C74342189C1210061A16A /* Smack.app */,
			);
			name = Products;
			sourceTree = "<group>";
		};
		538C74362189C1210061A16A /* Smack */ = {
			isa = PBXGroup;
			children = (
				538C745E218C6B260061A16A /* Services */,
				538C74572189FDBA0061A16A /* Utiils */,
				538C74502189CD410061A16A /* Model */,
				538C744F2189CD390061A16A /* View */,
				538C744E2189CD290061A16A /* Controller */,
				538C74492189CA2C0061A16A /* Supporting Files */,
				538C74372189C1210061A16A /* AppDelegate.swift */,
				538C743B2189C1210061A16A /* Main.storyboard */,
				538C743E2189C1220061A16A /* Assets.xcassets */,
				538C74402189C1220061A16A /* LaunchScreen.storyboard */,
				538C74432189C1220061A16A /* Info.plist */,
			);
			path = Smack;
			sourceTree = "<group>";
		};
		538C74492189CA2C0061A16A /* Supporting Files */ = {
			isa = PBXGroup;
			children = (
				538C744C2189CA7E0061A16A /* SWRevealViewController.h */,
				538C744B2189CA7E0061A16A /* SWRevealViewController.m */,
				538C744A2189CA7D0061A16A /* Smack-Bridging-Header.h */,
			);
			path = "Supporting Files";
			sourceTree = "<group>";
		};
		538C744E2189CD290061A16A /* Controller */ = {
			isa = PBXGroup;
			children = (
				538C74512189CD750061A16A /* ChatVC.swift */,
				538C74532189CD8C0061A16A /* ChannelVC.swift */,
				538C745A218A08C70061A16A /* LoginVC.swift */,
				538C745C218A0E240061A16A /* CreateAccountVC.swift */,
			);
			path = Controller;
			sourceTree = "<group>";
		};
		538C744F2189CD390061A16A /* View */ = {
			isa = PBXGroup;
			children = (
				538C74552189D7CA0061A16A /* GradientView.swift */,
				538C7461218C881E0061A16A /* RoundedButton.swift */,
			);
			path = View;
			sourceTree = "<group>";
		};
		538C74502189CD410061A16A /* Model */ = {
			isa = PBXGroup;
			children = (
			);
			path = Model;
			sourceTree = "<group>";
		};
		538C74572189FDBA0061A16A /* Utiils */ = {
			isa = PBXGroup;
			children = (
				538C74582189FDD50061A16A /* Constants.swift */,
			);
			path = Utiils;
			sourceTree = "<group>";
		};
		538C745E218C6B260061A16A /* Services */ = {
			isa = PBXGroup;
			children = (
				538C745F218C6C9C0061A16A /* AuthService.swift */,
			);
			path = Services;
			sourceTree = "<group>";
		};
		8957124C55D2329FD00CF7F8 /* Frameworks */ = {
			isa = PBXGroup;
			children = (
				6C1F96B8B32954A7208E81DC /* Pods_Smack.framework */,
			);
			name = Frameworks;
			sourceTree = "<group>";
		};
/* End PBXGroup section */

/* Begin PBXNativeTarget section */
		538C74332189C1210061A16A /* Smack */ = {
			isa = PBXNativeTarget;
			buildConfigurationList = 538C74462189C1220061A16A /* Build configuration list for PBXNativeTarget "Smack" */;
			buildPhases = (
				A89F7F8CBDF49D4049ABC17C /* [CP] Check Pods Manifest.lock */,
				538C74302189C1210061A16A /* Sources */,
				538C74312189C1210061A16A /* Frameworks */,
				538C74322189C1210061A16A /* Resources */,
				77ACED47E50B26BDB059ADAE /* [CP] Embed Pods Frameworks */,
			);
			buildRules = (
			);
			dependencies = (
			);
			name = Smack;
			productName = Smack;
			productReference = 538C74342189C1210061A16A /* Smack.app */;
			productType = "com.apple.product-type.application";
		};
/* End PBXNativeTarget section */

/* Begin PBXProject section */
		538C742C2189C1210061A16A /* Project object */ = {
			isa = PBXProject;
			attributes = {
				LastSwiftUpdateCheck = 1000;
				LastUpgradeCheck = 1000;
				ORGANIZATIONNAME = 67621177;
				TargetAttributes = {
					538C74332189C1210061A16A = {
						CreatedOnToolsVersion = 10.0;
						LastSwiftMigration = 1000;
					};
				};
			};
			buildConfigurationList = 538C742F2189C1210061A16A /* Build configuration list for PBXProject "Smack" */;
			compatibilityVersion = "Xcode 9.3";
			developmentRegion = en;
			hasScannedForEncodings = 0;
			knownRegions = (
				en,
				Base,
			);
			mainGroup = 538C742B2189C1210061A16A;
			productRefGroup = 538C74352189C1210061A16A /* Products */;
			projectDirPath = "";
			projectRoot = "";
			targets = (
				538C74332189C1210061A16A /* Smack */,
			);
		};
/* End PBXProject section */

/* Begin PBXResourcesBuildPhase section */
		538C74322189C1210061A16A /* Resources */ = {
			isa = PBXResourcesBuildPhase;
			buildActionMask = 2147483647;
			files = (
				538C74422189C1220061A16A /* LaunchScreen.storyboard in Resources */,
				538C743F2189C1220061A16A /* Assets.xcassets in Resources */,
				538C743D2189C1210061A16A /* Main.storyboard in Resources */,
			);
			runOnlyForDeploymentPostprocessing = 0;
		};
/* End PBXResourcesBuildPhase section */

/* Begin PBXShellScriptBuildPhase section */
		77ACED47E50B26BDB059ADAE /* [CP] Embed Pods Frameworks */ = {
			isa = PBXShellScriptBuildPhase;
			buildActionMask = 2147483647;
			files = (
			);
			inputPaths = (
				"${SRCROOT}/Pods/Target Support Files/Pods-Smack/Pods-Smack-frameworks.sh",
				"${BUILT_PRODUCTS_DIR}/Alamofire/Alamofire.framework",
				"${BUILT_PRODUCTS_DIR}/Socket.IO-Client-Swift/SocketIO.framework",
				"${BUILT_PRODUCTS_DIR}/Starscream/Starscream.framework",
				"${BUILT_PRODUCTS_DIR}/SwiftyJSON/SwiftyJSON.framework",
			);
			name = "[CP] Embed Pods Frameworks";
			outputPaths = (
				"${TARGET_BUILD_DIR}/${FRAMEWORKS_FOLDER_PATH}/Alamofire.framework",
				"${TARGET_BUILD_DIR}/${FRAMEWORKS_FOLDER_PATH}/SocketIO.framework",
				"${TARGET_BUILD_DIR}/${FRAMEWORKS_FOLDER_PATH}/Starscream.framework",
				"${TARGET_BUILD_DIR}/${FRAMEWORKS_FOLDER_PATH}/SwiftyJSON.framework",
			);
			runOnlyForDeploymentPostprocessing = 0;
			shellPath = /bin/sh;
			shellScript = "\"${SRCROOT}/Pods/Target Support Files/Pods-Smack/Pods-Smack-frameworks.sh\"\n";
			showEnvVarsInLog = 0;
		};
		A89F7F8CBDF49D4049ABC17C /* [CP] Check Pods Manifest.lock */ = {
			isa = PBXShellScriptBuildPhase;
			buildActionMask = 2147483647;
			files = (
			);
			inputPaths = (
				"${PODS_PODFILE_DIR_PATH}/Podfile.lock",
				"${PODS_ROOT}/Manifest.lock",
			);
			name = "[CP] Check Pods Manifest.lock";
			outputPaths = (
				"$(DERIVED_FILE_DIR)/Pods-Smack-checkManifestLockResult.txt",
			);
			runOnlyForDeploymentPostprocessing = 0;
			shellPath = /bin/sh;
			shellScript = "diff \"${PODS_PODFILE_DIR_PATH}/Podfile.lock\" \"${PODS_ROOT}/Manifest.lock\" > /dev/null\nif [ $? != 0 ] ; then\n    # print error to STDERR\n    echo \"error: The sandbox is not in sync with the Podfile.lock. Run 'pod install' or update your CocoaPods installation.\" >&2\n    exit 1\nfi\n# This output is used by Xcode 'outputs' to avoid re-running this script phase.\necho \"SUCCESS\" > \"${SCRIPT_OUTPUT_FILE_0}\"\n";
			showEnvVarsInLog = 0;
		};
/* End PBXShellScriptBuildPhase section */

/* Begin PBXSourcesBuildPhase section */
		538C74302189C1210061A16A /* Sources */ = {
			isa = PBXSourcesBuildPhase;
			buildActionMask = 2147483647;
			files = (
				538C74542189CD8C0061A16A /* ChannelVC.swift in Sources */,
				538C7462218C881E0061A16A /* RoundedButton.swift in Sources */,
				538C74522189CD750061A16A /* ChatVC.swift in Sources */,
				538C745D218A0E240061A16A /* CreateAccountVC.swift in Sources */,
				538C7460218C6C9C0061A16A /* AuthService.swift in Sources */,
				538C745B218A08C70061A16A /* LoginVC.swift in Sources */,
				538C74562189D7CA0061A16A /* GradientView.swift in Sources */,
				538C74382189C1210061A16A /* AppDelegate.swift in Sources */,
				538C744D2189CA7E0061A16A /* SWRevealViewController.m in Sources */,
				538C74592189FDD50061A16A /* Constants.swift in Sources */,
			);
			runOnlyForDeploymentPostprocessing = 0;
		};
/* End PBXSourcesBuildPhase section */

/* Begin PBXVariantGroup section */
		538C743B2189C1210061A16A /* Main.storyboard */ = {
			isa = PBXVariantGroup;
			children = (
				538C743C2189C1210061A16A /* Base */,
			);
			name = Main.storyboard;
			sourceTree = "<group>";
		};
		538C74402189C1220061A16A /* LaunchScreen.storyboard */ = {
			isa = PBXVariantGroup;
			children = (
				538C74412189C1220061A16A /* Base */,
			);
			name = LaunchScreen.storyboard;
			sourceTree = "<group>";
		};
/* End PBXVariantGroup section */

/* Begin XCBuildConfiguration section */
		538C74442189C1220061A16A /* Debug */ = {
			isa = XCBuildConfiguration;
			buildSettings = {
				ALWAYS_SEARCH_USER_PATHS = NO;
				CLANG_ANALYZER_NONNULL = YES;
				CLANG_ANALYZER_NUMBER_OBJECT_CONVERSION = YES_AGGRESSIVE;
				CLANG_CXX_LANGUAGE_STANDARD = "gnu++14";
				CLANG_CXX_LIBRARY = "libc++";
				CLANG_ENABLE_MODULES = YES;
				CLANG_ENABLE_OBJC_ARC = YES;
				CLANG_ENABLE_OBJC_WEAK = YES;
				CLANG_WARN_BLOCK_CAPTURE_AUTORELEASING = YES;
				CLANG_WARN_BOOL_CONVERSION = YES;
				CLANG_WARN_COMMA = YES;
				CLANG_WARN_CONSTANT_CONVERSION = YES;
				CLANG_WARN_DEPRECATED_OBJC_IMPLEMENTATIONS = YES;
				CLANG_WARN_DIRECT_OBJC_ISA_USAGE = YES_ERROR;
				CLANG_WARN_DOCUMENTATION_COMMENTS = YES;
				CLANG_WARN_EMPTY_BODY = YES;
				CLANG_WARN_ENUM_CONVERSION = YES;
				CLANG_WARN_INFINITE_RECURSION = YES;
				CLANG_WARN_INT_CONVERSION = YES;
				CLANG_WARN_NON_LITERAL_NULL_CONVERSION = YES;
				CLANG_WARN_OBJC_IMPLICIT_RETAIN_SELF = YES;
				CLANG_WARN_OBJC_LITERAL_CONVERSION = YES;
				CLANG_WARN_OBJC_ROOT_CLASS = YES_ERROR;
				CLANG_WARN_RANGE_LOOP_ANALYSIS = YES;
				CLANG_WARN_STRICT_PROTOTYPES = YES;
				CLANG_WARN_SUSPICIOUS_MOVE = YES;
				CLANG_WARN_UNGUARDED_AVAILABILITY = YES_AGGRESSIVE;
				CLANG_WARN_UNREACHABLE_CODE = YES;
				CLANG_WARN__DUPLICATE_METHOD_MATCH = YES;
				CODE_SIGN_IDENTITY = "iPhone Developer";
				COPY_PHASE_STRIP = NO;
				DEBUG_INFORMATION_FORMAT = dwarf;
				ENABLE_STRICT_OBJC_MSGSEND = YES;
				ENABLE_TESTABILITY = YES;
				GCC_C_LANGUAGE_STANDARD = gnu11;
				GCC_DYNAMIC_NO_PIC = NO;
				GCC_NO_COMMON_BLOCKS = YES;
				GCC_OPTIMIZATION_LEVEL = 0;
				GCC_PREPROCESSOR_DEFINITIONS = (
					"DEBUG=1",
					"$(inherited)",
				);
				GCC_WARN_64_TO_32_BIT_CONVERSION = YES;
				GCC_WARN_ABOUT_RETURN_TYPE = YES_ERROR;
				GCC_WARN_UNDECLARED_SELECTOR = YES;
				GCC_WARN_UNINITIALIZED_AUTOS = YES_AGGRESSIVE;
				GCC_WARN_UNUSED_FUNCTION = YES;
				GCC_WARN_UNUSED_VARIABLE = YES;
				IPHONEOS_DEPLOYMENT_TARGET = 12.0;
				MTL_ENABLE_DEBUG_INFO = INCLUDE_SOURCE;
				MTL_FAST_MATH = YES;
				ONLY_ACTIVE_ARCH = YES;
				SDKROOT = iphoneos;
				SWIFT_ACTIVE_COMPILATION_CONDITIONS = DEBUG;
				SWIFT_OPTIMIZATION_LEVEL = "-Onone";
			};
			name = Debug;
		};
		538C74452189C1220061A16A /* Release */ = {
			isa = XCBuildConfiguration;
			buildSettings = {
				ALWAYS_SEARCH_USER_PATHS = NO;
				CLANG_ANALYZER_NONNULL = YES;
				CLANG_ANALYZER_NUMBER_OBJECT_CONVERSION = YES_AGGRESSIVE;
				CLANG_CXX_LANGUAGE_STANDARD = "gnu++14";
				CLANG_CXX_LIBRARY = "libc++";
				CLANG_ENABLE_MODULES = YES;
				CLANG_ENABLE_OBJC_ARC = YES;
				CLANG_ENABLE_OBJC_WEAK = YES;
				CLANG_WARN_BLOCK_CAPTURE_AUTORELEASING = YES;
				CLANG_WARN_BOOL_CONVERSION = YES;
				CLANG_WARN_COMMA = YES;
				CLANG_WARN_CONSTANT_CONVERSION = YES;
				CLANG_WARN_DEPRECATED_OBJC_IMPLEMENTATIONS = YES;
				CLANG_WARN_DIRECT_OBJC_ISA_USAGE = YES_ERROR;
				CLANG_WARN_DOCUMENTATION_COMMENTS = YES;
				CLANG_WARN_EMPTY_BODY = YES;
				CLANG_WARN_ENUM_CONVERSION = YES;
				CLANG_WARN_INFINITE_RECURSION = YES;
				CLANG_WARN_INT_CONVERSION = YES;
				CLANG_WARN_NON_LITERAL_NULL_CONVERSION = YES;
				CLANG_WARN_OBJC_IMPLICIT_RETAIN_SELF = YES;
				CLANG_WARN_OBJC_LITERAL_CONVERSION = YES;
				CLANG_WARN_OBJC_ROOT_CLASS = YES_ERROR;
				CLANG_WARN_RANGE_LOOP_ANALYSIS = YES;
				CLANG_WARN_STRICT_PROTOTYPES = YES;
				CLANG_WARN_SUSPICIOUS_MOVE = YES;
				CLANG_WARN_UNGUARDED_AVAILABILITY = YES_AGGRESSIVE;
				CLANG_WARN_UNREACHABLE_CODE = YES;
				CLANG_WARN__DUPLICATE_METHOD_MATCH = YES;
				CODE_SIGN_IDENTITY = "iPhone Developer";
				COPY_PHASE_STRIP = NO;
				DEBUG_INFORMATION_FORMAT = "dwarf-with-dsym";
				ENABLE_NS_ASSERTIONS = NO;
				ENABLE_STRICT_OBJC_MSGSEND = YES;
				GCC_C_LANGUAGE_STANDARD = gnu11;
				GCC_NO_COMMON_BLOCKS = YES;
				GCC_WARN_64_TO_32_BIT_CONVERSION = YES;
				GCC_WARN_ABOUT_RETURN_TYPE = YES_ERROR;
				GCC_WARN_UNDECLARED_SELECTOR = YES;
				GCC_WARN_UNINITIALIZED_AUTOS = YES_AGGRESSIVE;
				GCC_WARN_UNUSED_FUNCTION = YES;
				GCC_WARN_UNUSED_VARIABLE = YES;
				IPHONEOS_DEPLOYMENT_TARGET = 12.0;
				MTL_ENABLE_DEBUG_INFO = NO;
				MTL_FAST_MATH = YES;
				SDKROOT = iphoneos;
				SWIFT_COMPILATION_MODE = wholemodule;
				SWIFT_OPTIMIZATION_LEVEL = "-O";
				VALIDATE_PRODUCT = YES;
			};
			name = Release;
		};
		538C74472189C1220061A16A /* Debug */ = {
			isa = XCBuildConfiguration;
			baseConfigurationReference = 8AA86C11C2B2F00F7DF4826A /* Pods-Smack.debug.xcconfig */;
			buildSettings = {
				ASSETCATALOG_COMPILER_APPICON_NAME = AppIcon;
				CLANG_ENABLE_MODULES = YES;
				CODE_SIGN_STYLE = Automatic;
				DEVELOPMENT_TEAM = V6DL9266BG;
				INFOPLIST_FILE = Smack/Info.plist;
				LD_RUNPATH_SEARCH_PATHS = (
					"$(inherited)",
					"@executable_path/Frameworks",
				);
				PRODUCT_BUNDLE_IDENTIFIER = com.fguardiola.Smack;
				PRODUCT_NAME = "$(TARGET_NAME)";
				SWIFT_OBJC_BRIDGING_HEADER = "Smack/Supporting Files/Smack-Bridging-Header.h";
				SWIFT_OPTIMIZATION_LEVEL = "-Onone";
				SWIFT_VERSION = 4.2;
				TARGETED_DEVICE_FAMILY = "1,2";
			};
			name = Debug;
		};
		538C74482189C1220061A16A /* Release */ = {
			isa = XCBuildConfiguration;
			baseConfigurationReference = 21DAD6D2F5855D80BB274EAC /* Pods-Smack.release.xcconfig */;
			buildSettings = {
				ASSETCATALOG_COMPILER_APPICON_NAME = AppIcon;
				CLANG_ENABLE_MODULES = YES;
				CODE_SIGN_STYLE = Automatic;
				DEVELOPMENT_TEAM = V6DL9266BG;
				INFOPLIST_FILE = Smack/Info.plist;
				LD_RUNPATH_SEARCH_PATHS = (
					"$(inherited)",
					"@executable_path/Frameworks",
				);
				PRODUCT_BUNDLE_IDENTIFIER = com.fguardiola.Smack;
				PRODUCT_NAME = "$(TARGET_NAME)";
				SWIFT_OBJC_BRIDGING_HEADER = "Smack/Supporting Files/Smack-Bridging-Header.h";
				SWIFT_VERSION = 4.2;
				TARGETED_DEVICE_FAMILY = "1,2";
			};
			name = Release;
		};
/* End XCBuildConfiguration section */

/* Begin XCConfigurationList section */
		538C742F2189C1210061A16A /* Build configuration list for PBXProject "Smack" */ = {
			isa = XCConfigurationList;
			buildConfigurations = (
				538C74442189C1220061A16A /* Debug */,
				538C74452189C1220061A16A /* Release */,
			);
			defaultConfigurationIsVisible = 0;
			defaultConfigurationName = Release;
		};
		538C74462189C1220061A16A /* Build configuration list for PBXNativeTarget "Smack" */ = {
			isa = XCConfigurationList;
			buildConfigurations = (
				538C74472189C1220061A16A /* Debug */,
				538C74482189C1220061A16A /* Release */,
			);
			defaultConfigurationIsVisible = 0;
			defaultConfigurationName = Release;
		};
/* End XCConfigurationList section */
	};
	rootObject = 538C742C2189C1210061A16A /* Project object */;
}
